
Microsoft Visual Studio Solution File, Format Version 12.00
# Visual Studio Version 17
VisualStudioVersion = 17.9.34622.214
MinimumVisualStudioVersion = 10.0.40219.1
Project("{FAE04EC0-301F-11D3-BF4B-00C04F79EFBC}") = "ShopTea", "ShopTea\ShopTea.csproj", "{642C7F7B-2BB9-42DA-9D0E-14B263471AE9}"
EndProject
Global
	GlobalSection(SolutionConfigurationPlatforms) = preSolution
		Debug|Any CPU = Debug|Any CPU
		Release|Any CPU = Release|Any CPU
	EndGlobalSection
	GlobalSection(ProjectConfigurationPlatforms) = postSolution
		{642C7F7B-2BB9-42DA-9D0E-14B263471AE9}.Debug|Any CPU.ActiveCfg = Debug|Any CPU
		{642C7F7B-2BB9-42DA-9D0E-14B263471AE9}.Debug|Any CPU.Build.0 = Debug|Any CPU
		{642C7F7B-2BB9-42DA-9D0E-14B263471AE9}.Release|Any CPU.ActiveCfg = Release|Any CPU
		{642C7F7B-2BB9-42DA-9D0E-14B263471AE9}.Release|Any CPU.Build.0 = Release|Any CPU
	EndGlobalSection
	GlobalSection(SolutionProperties) = preSolution
		HideSolutionNode = FALSE
	EndGlobalSection
	GlobalSection(ExtensibilityGlobals) = postSolution
		SolutionGuid = {12FBE095-7691-4F9D-ABB0-AAE1BC822DC8}
	EndGlobalSection
EndGlobal
